
Microsoft Visual Studio Solution File, Format Version 12.00
# Visual Studio 15
VisualStudioVersion = 15.0.28010.2026
MinimumVisualStudioVersion = 10.0.40219.1
Project("{FAE04EC0-301F-11D3-BF4B-00C04F79EFBC}") = "WebApplication2", "WebApplication2\WebApplication2.csproj", "{BF2807A0-BE05-42E9-AA16-4EC8223D3524}"
EndProject
Global
	GlobalSection(SolutionConfigurationPlatforms) = preSolution
		Debug|Any CPU = Debug|Any CPU
		Release|Any CPU = Release|Any CPU
	EndGlobalSection
	GlobalSection(ProjectConfigurationPlatforms) = postSolution
		{BF2807A0-BE05-42E9-AA16-4EC8223D3524}.Debug|Any CPU.ActiveCfg = Debug|Any CPU
		{BF2807A0-BE05-42E9-AA16-4EC8223D3524}.Debug|Any CPU.Build.0 = Debug|Any CPU
		{BF2807A0-BE05-42E9-AA16-4EC8223D3524}.Release|Any CPU.ActiveCfg = Release|Any CPU
		{BF2807A0-BE05-42E9-AA16-4EC8223D3524}.Release|Any CPU.Build.0 = Release|Any CPU
	EndGlobalSection
	GlobalSection(SolutionProperties) = preSolution
		HideSolutionNode = FALSE
	EndGlobalSection
	GlobalSection(ExtensibilityGlobals) = postSolution
		SolutionGuid = {B71746A3-ADE6-4C37-A7EB-EDEA536D3F60}
	EndGlobalSection
EndGlobal
